
Microsoft Visual Studio Solution File, Format Version 12.00
# Visual Studio 15
VisualStudioVersion = 15.0.28307.168
MinimumVisualStudioVersion = 10.0.40219.1
Project("{FAE04EC0-301F-11D3-BF4B-00C04F79EFBC}") = "Project Adventure", "Project Adventure\Project Adventure.csproj", "{27084ACC-0375-40C2-90C2-027C8F7F23D8}"
EndProject
Global
	GlobalSection(SolutionConfigurationPlatforms) = preSolution
		Debug|Any CPU = Debug|Any CPU
		Release|Any CPU = Release|Any CPU
	EndGlobalSection
	GlobalSection(ProjectConfigurationPlatforms) = postSolution
		{27084ACC-0375-40C2-90C2-027C8F7F23D8}.Debug|Any CPU.ActiveCfg = Debug|Any CPU
		{27084ACC-0375-40C2-90C2-027C8F7F23D8}.Debug|Any CPU.Build.0 = Debug|Any CPU
		{27084ACC-0375-40C2-90C2-027C8F7F23D8}.Release|Any CPU.ActiveCfg = Release|Any CPU
		{27084ACC-0375-40C2-90C2-027C8F7F23D8}.Release|Any CPU.Build.0 = Release|Any CPU
	EndGlobalSection
	GlobalSection(SolutionProperties) = preSolution
		HideSolutionNode = FALSE
	EndGlobalSection
	GlobalSection(ExtensibilityGlobals) = postSolution
		SolutionGuid = {6789EE10-BA1C-4085-AA2E-1132DAF6857A}
	EndGlobalSection
EndGlobal
